// !$*UTF8*$!
{
	archiveVersion = 1;
	classes = {
	};
	objectVersion = 50;
	objects = {

/* Begin PBXBuildFile section */
		CF2394E526B3B79E00AB3BC1 /* ColorSliderAppApp.swift in Sources */ = {isa = PBXBuildFile; fileRef = CF2394E426B3B79E00AB3BC1 /* ColorSliderAppApp.swift */; };
		CF2394E726B3B79E00AB3BC1 /* ContentView.swift in Sources */ = {isa = PBXBuildFile; fileRef = CF2394E626B3B79E00AB3BC1 /* ContentView.swift */; };
		CF2394E926B3B7A000AB3BC1 /* Assets.xcassets in Resources */ = {isa = PBXBuildFile; fileRef = CF2394E826B3B7A000AB3BC1 /* Assets.xcassets */; };
		CF2394EC26B3B7A000AB3BC1 /* Preview Assets.xcassets in Resources */ = {isa = PBXBuildFile; fileRef = CF2394EB26B3B7A000AB3BC1 /* Preview Assets.xcassets */; };
		CF2394F426B3B7B400AB3BC1 /* ColorView.swift in Sources */ = {isa = PBXBuildFile; fileRef = CF2394F326B3B7B400AB3BC1 /* ColorView.swift */; };
		CF2394F626B3BB1000AB3BC1 /* ColorScheme.swift in Sources */ = {isa = PBXBuildFile; fileRef = CF2394F526B3BB1000AB3BC1 /* ColorScheme.swift */; };
		CF2394F826B3C7C100AB3BC1 /* SliderView.swift in Sources */ = {isa = PBXBuildFile; fileRef = CF2394F726B3C7C100AB3BC1 /* SliderView.swift */; };
		CF2394FC26B3CBD700AB3BC1 /* ColorTextFieldView.swift in Sources */ = {isa = PBXBuildFile; fileRef = CF2394FB26B3CBD700AB3BC1 /* ColorTextFieldView.swift */; };
/* End PBXBuildFile section */

/* Begin PBXFileReference section */
		CF2394E126B3B79E00AB3BC1 /* ColorSliderApp.app */ = {isa = PBXFileReference; explicitFileType = wrapper.application; includeInIndex = 0; path = ColorSliderApp.app; sourceTree = BUILT_PRODUCTS_DIR; };
		CF2394E426B3B79E00AB3BC1 /* ColorSliderAppApp.swift */ = {isa = PBXFileReference; lastKnownFileType = sourcecode.swift; path = ColorSliderAppApp.swift; sourceTree = "<group>"; };
		CF2394E626B3B79E00AB3BC1 /* ContentView.swift */ = {isa = PBXFileReference; lastKnownFileType = sourcecode.swift; path = ContentView.swift; sourceTree = "<group>"; };
		CF2394E826B3B7A000AB3BC1 /* Assets.xcassets */ = {isa = PBXFileReference; lastKnownFileType = folder.assetcatalog; path = Assets.xcassets; sourceTree = "<group>"; };
		CF2394EB26B3B7A000AB3BC1 /* Preview Assets.xcassets */ = {isa = PBXFileReference; lastKnownFileType = folder.assetcatalog; path = "Preview Assets.xcassets"; sourceTree = "<group>"; };
		CF2394ED26B3B7A000AB3BC1 /* Info.plist */ = {isa = PBXFileReference; lastKnownFileType = text.plist.xml; path = Info.plist; sourceTree = "<group>"; };
		CF2394F326B3B7B400AB3BC1 /* ColorView.swift */ = {isa = PBXFileReference; lastKnownFileType = sourcecode.swift; path = ColorView.swift; sourceTree = "<group>"; };
		CF2394F526B3BB1000AB3BC1 /* ColorScheme.swift */ = {isa = PBXFileReference; lastKnownFileType = sourcecode.swift; path = ColorScheme.swift; sourceTree = "<group>"; };
		CF2394F726B3C7C100AB3BC1 /* SliderView.swift */ = {isa = PBXFileReference; lastKnownFileType = sourcecode.swift; path = SliderView.swift; sourceTree = "<group>"; };
		CF2394FB26B3CBD700AB3BC1 /* ColorTextFieldView.swift */ = {isa = PBXFileReference; lastKnownFileType = sourcecode.swift; path = ColorTextFieldView.swift; sourceTree = "<group>"; };
/* End PBXFileReference section */

/* Begin PBXFrameworksBuildPhase section */
		CF2394DE26B3B79E00AB3BC1 /* Frameworks */ = {
			isa = PBXFrameworksBuildPhase;
			buildActionMask = 2147483647;
			files = (
			);
			runOnlyForDeploymentPostprocessing = 0;
		};
/* End PBXFrameworksBuildPhase section */

/* Begin PBXGroup section */
		CF2394D826B3B79E00AB3BC1 = {
			isa = PBXGroup;
			children = (
				CF2394E326B3B79E00AB3BC1 /* ColorSliderApp */,
				CF2394E226B3B79E00AB3BC1 /* Products */,
			);
			sourceTree = "<group>";
		};
		CF2394E226B3B79E00AB3BC1 /* Products */ = {
			isa = PBXGroup;
			children = (
				CF2394E126B3B79E00AB3BC1 /* ColorSliderApp.app */,
			);
			name = Products;
			sourceTree = "<group>";
		};
		CF2394E326B3B79E00AB3BC1 /* ColorSliderApp */ = {
			isa = PBXGroup;
			children = (
				CF2394E426B3B79E00AB3BC1 /* ColorSliderAppApp.swift */,
				CF2394E626B3B79E00AB3BC1 /* ContentView.swift */,
				CF2394E826B3B7A000AB3BC1 /* Assets.xcassets */,
				CF2394ED26B3B7A000AB3BC1 /* Info.plist */,
				CF2394EA26B3B7A000AB3BC1 /* Preview Content */,
				CF2394F926B3CB8100AB3BC1 /* Manager */,
				CF2394F326B3B7B400AB3BC1 /* ColorView.swift */,
				CF2394F726B3C7C100AB3BC1 /* SliderView.swift */,
				CF2394FB26B3CBD700AB3BC1 /* ColorTextFieldView.swift */,
			);
			path = ColorSliderApp;
			sourceTree = "<group>";
		};
		CF2394EA26B3B7A000AB3BC1 /* Preview Content */ = {
			isa = PBXGroup;
			children = (
				CF2394EB26B3B7A000AB3BC1 /* Preview Assets.xcassets */,
			);
			path = "Preview Content";
			sourceTree = "<group>";
		};
		CF2394F926B3CB8100AB3BC1 /* Manager */ = {
			isa = PBXGroup;
			children = (
				CF2394F526B3BB1000AB3BC1 /* ColorScheme.swift */,
			);
			path = Manager;
			sourceTree = "<group>";
		};
/* End PBXGroup section */

/* Begin PBXNativeTarget section */
		CF2394E026B3B79E00AB3BC1 /* ColorSliderApp */ = {
			isa = PBXNativeTarget;
			buildConfigurationList = CF2394F026B3B7A000AB3BC1 /* Build configuration list for PBXNativeTarget "ColorSliderApp" */;
			buildPhases = (
				CF2394DD26B3B79E00AB3BC1 /* Sources */,
				CF2394DE26B3B79E00AB3BC1 /* Frameworks */,
				CF2394DF26B3B79E00AB3BC1 /* Resources */,
			);
			buildRules = (
			);
			dependencies = (
			);
			name = ColorSliderApp;
			productName = ColorSliderApp;
			productReference = CF2394E126B3B79E00AB3BC1 /* ColorSliderApp.app */;
			productType = "com.apple.product-type.application";
		};
/* End PBXNativeTarget section */

/* Begin PBXProject section */
		CF2394D926B3B79E00AB3BC1 /* Project object */ = {
			isa = PBXProject;
			attributes = {
				LastSwiftUpdateCheck = 1250;
				LastUpgradeCheck = 1250;
				TargetAttributes = {
					CF2394E026B3B79E00AB3BC1 = {
						CreatedOnToolsVersion = 12.5.1;
					};
				};
			};
			buildConfigurationList = CF2394DC26B3B79E00AB3BC1 /* Build configuration list for PBXProject "ColorSliderApp" */;
			compatibilityVersion = "Xcode 9.3";
			developmentRegion = en;
			hasScannedForEncodings = 0;
			knownRegions = (
				en,
				Base,
			);
			mainGroup = CF2394D826B3B79E00AB3BC1;
			productRefGroup = CF2394E226B3B79E00AB3BC1 /* Products */;
			projectDirPath = "";
			projectRoot = "";
			targets = (
				CF2394E026B3B79E00AB3BC1 /* ColorSliderApp */,
			);
		};
/* End PBXProject section */

/* Begin PBXResourcesBuildPhase section */
		CF2394DF26B3B79E00AB3BC1 /* Resources */ = {
			isa = PBXResourcesBuildPhase;
			buildActionMask = 2147483647;
			files = (
				CF2394EC26B3B7A000AB3BC1 /* Preview Assets.xcassets in Resources */,
				CF2394E926B3B7A000AB3BC1 /* Assets.xcassets in Resources */,
			);
			runOnlyForDeploymentPostprocessing = 0;
		};
/* End PBXResourcesBuildPhase section */

/* Begin PBXSourcesBuildPhase section */
		CF2394DD26B3B79E00AB3BC1 /* Sources */ = {
			isa = PBXSourcesBuildPhase;
			buildActionMask = 2147483647;
			files = (
				CF2394FC26B3CBD700AB3BC1 /* ColorTextFieldView.swift in Sources */,
				CF2394F626B3BB1000AB3BC1 /* ColorScheme.swift in Sources */,
				CF2394F426B3B7B400AB3BC1 /* ColorView.swift in Sources */,
				CF2394E726B3B79E00AB3BC1 /* ContentView.swift in Sources */,
				CF2394E526B3B79E00AB3BC1 /* ColorSliderAppApp.swift in Sources */,
				CF2394F826B3C7C100AB3BC1 /* SliderView.swift in Sources */,
			);
			runOnlyForDeploymentPostprocessing = 0;
		};
/* End PBXSourcesBuildPhase section */

/* Begin XCBuildConfiguration section */
		CF2394EE26B3B7A000AB3BC1 /* Debug */ = {
			isa = XCBuildConfiguration;
			buildSettings = {
				ALWAYS_SEARCH_USER_PATHS = NO;
				CLANG_ANALYZER_NONNULL = YES;
				CLANG_ANALYZER_NUMBER_OBJECT_CONVERSION = YES_AGGRESSIVE;
				CLANG_CXX_LANGUAGE_STANDARD = "gnu++14";
				CLANG_CXX_LIBRARY = "libc++";
				CLANG_ENABLE_MODULES = YES;
				CLANG_ENABLE_OBJC_ARC = YES;
				CLANG_ENABLE_OBJC_WEAK = YES;
				CLANG_WARN_BLOCK_CAPTURE_AUTORELEASING = YES;
				CLANG_WARN_BOOL_CONVERSION = YES;
				CLANG_WARN_COMMA = YES;
				CLANG_WARN_CONSTANT_CONVERSION = YES;
				CLANG_WARN_DEPRECATED_OBJC_IMPLEMENTATIONS = YES;
				CLANG_WARN_DIRECT_OBJC_ISA_USAGE = YES_ERROR;
				CLANG_WARN_DOCUMENTATION_COMMENTS = YES;
				CLANG_WARN_EMPTY_BODY = YES;
				CLANG_WARN_ENUM_CONVERSION = YES;
				CLANG_WARN_INFINITE_RECURSION = YES;
				CLANG_WARN_INT_CONVERSION = YES;
				CLANG_WARN_NON_LITERAL_NULL_CONVERSION = YES;
				CLANG_WARN_OBJC_IMPLICIT_RETAIN_SELF = YES;
				CLANG_WARN_OBJC_LITERAL_CONVERSION = YES;
				CLANG_WARN_OBJC_ROOT_CLASS = YES_ERROR;
				CLANG_WARN_QUOTED_INCLUDE_IN_FRAMEWORK_HEADER = YES;
				CLANG_WARN_RANGE_LOOP_ANALYSIS = YES;
				CLANG_WARN_STRICT_PROTOTYPES = YES;
				CLANG_WARN_SUSPICIOUS_MOVE = YES;
				CLANG_WARN_UNGUARDED_AVAILABILITY = YES_AGGRESSIVE;
				CLANG_WARN_UNREACHABLE_CODE = YES;
				CLANG_WARN__DUPLICATE_METHOD_MATCH = YES;
				COPY_PHASE_STRIP = NO;
				DEBUG_INFORMATION_FORMAT = dwarf;
				ENABLE_STRICT_OBJC_MSGSEND = YES;
				ENABLE_TESTABILITY = YES;
				GCC_C_LANGUAGE_STANDARD = gnu11;
				GCC_DYNAMIC_NO_PIC = NO;
				GCC_NO_COMMON_BLOCKS = YES;
				GCC_OPTIMIZATION_LEVEL = 0;
				GCC_PREPROCESSOR_DEFINITIONS = (
					"DEBUG=1",
					"$(inherited)",
				);
				GCC_WARN_64_TO_32_BIT_CONVERSION = YES;
				GCC_WARN_ABOUT_RETURN_TYPE = YES_ERROR;
				GCC_WARN_UNDECLARED_SELECTOR = YES;
				GCC_WARN_UNINITIALIZED_AUTOS = YES_AGGRESSIVE;
				GCC_WARN_UNUSED_FUNCTION = YES;
				GCC_WARN_UNUSED_VARIABLE = YES;
				IPHONEOS_DEPLOYMENT_TARGET = 14.5;
				MTL_ENABLE_DEBUG_INFO = INCLUDE_SOURCE;
				MTL_FAST_MATH = YES;
				ONLY_ACTIVE_ARCH = YES;
				SDKROOT = iphoneos;
				SWIFT_ACTIVE_COMPILATION_CONDITIONS = DEBUG;
				SWIFT_OPTIMIZATION_LEVEL = "-Onone";
			};
			name = Debug;
		};
		CF2394EF26B3B7A000AB3BC1 /* Release */ = {
			isa = XCBuildConfiguration;
			buildSettings = {
				ALWAYS_SEARCH_USER_PATHS = NO;
				CLANG_ANALYZER_NONNULL = YES;
				CLANG_ANALYZER_NUMBER_OBJECT_CONVERSION = YES_AGGRESSIVE;
				CLANG_CXX_LANGUAGE_STANDARD = "gnu++14";
				CLANG_CXX_LIBRARY = "libc++";
				CLANG_ENABLE_MODULES = YES;
				CLANG_ENABLE_OBJC_ARC = YES;
				CLANG_ENABLE_OBJC_WEAK = YES;
				CLANG_WARN_BLOCK_CAPTURE_AUTORELEASING = YES;
				CLANG_WARN_BOOL_CONVERSION = YES;
				CLANG_WARN_COMMA = YES;
				CLANG_WARN_CONSTANT_CONVERSION = YES;
				CLANG_WARN_DEPRECATED_OBJC_IMPLEMENTATIONS = YES;
				CLANG_WARN_DIRECT_OBJC_ISA_USAGE = YES_ERROR;
				CLANG_WARN_DOCUMENTATION_COMMENTS = YES;
				CLANG_WARN_EMPTY_BODY = YES;
				CLANG_WARN_ENUM_CONVERSION = YES;
				CLANG_WARN_INFINITE_RECURSION = YES;
				CLANG_WARN_INT_CONVERSION = YES;
				CLANG_WARN_NON_LITERAL_NULL_CONVERSION = YES;
				CLANG_WARN_OBJC_IMPLICIT_RETAIN_SELF = YES;
				CLANG_WARN_OBJC_LITERAL_CONVERSION = YES;
				CLANG_WARN_OBJC_ROOT_CLASS = YES_ERROR;
				CLANG_WARN_QUOTED_INCLUDE_IN_FRAMEWORK_HEADER = YES;
				CLANG_WARN_RANGE_LOOP_ANALYSIS = YES;
				CLANG_WARN_STRICT_PROTOTYPES = YES;
				CLANG_WARN_SUSPICIOUS_MOVE = YES;
				CLANG_WARN_UNGUARDED_AVAILABILITY = YES_AGGRESSIVE;
				CLANG_WARN_UNREACHABLE_CODE = YES;
				CLANG_WARN__DUPLICATE_METHOD_MATCH = YES;
				COPY_PHASE_STRIP = NO;
				DEBUG_INFORMATION_FORMAT = "dwarf-with-dsym";
				ENABLE_NS_ASSERTIONS = NO;
				ENABLE_STRICT_OBJC_MSGSEND = YES;
				GCC_C_LANGUAGE_STANDARD = gnu11;
				GCC_NO_COMMON_BLOCKS = YES;
				GCC_WARN_64_TO_32_BIT_CONVERSION = YES;
				GCC_WARN_ABOUT_RETURN_TYPE = YES_ERROR;
				GCC_WARN_UNDECLARED_SELECTOR = YES;
				GCC_WARN_UNINITIALIZED_AUTOS = YES_AGGRESSIVE;
				GCC_WARN_UNUSED_FUNCTION = YES;
				GCC_WARN_UNUSED_VARIABLE = YES;
				IPHONEOS_DEPLOYMENT_TARGET = 14.5;
				MTL_ENABLE_DEBUG_INFO = NO;
				MTL_FAST_MATH = YES;
				SDKROOT = iphoneos;
				SWIFT_COMPILATION_MODE = wholemodule;
				SWIFT_OPTIMIZATION_LEVEL = "-O";
				VALIDATE_PRODUCT = YES;
			};
			name = Release;
		};
		CF2394F126B3B7A000AB3BC1 /* Debug */ = {
			isa = XCBuildConfiguration;
			buildSettings = {
				ASSETCATALOG_COMPILER_APPICON_NAME = AppIcon;
				ASSETCATALOG_COMPILER_GLOBAL_ACCENT_COLOR_NAME = AccentColor;
				CODE_SIGN_STYLE = Automatic;
				DEVELOPMENT_ASSET_PATHS = "\"ColorSliderApp/Preview Content\"";
				DEVELOPMENT_TEAM = 5S24UZWM65;
				ENABLE_PREVIEWS = YES;
				INFOPLIST_FILE = ColorSliderApp/Info.plist;
				IPHONEOS_DEPLOYMENT_TARGET = 14.0;
				LD_RUNPATH_SEARCH_PATHS = (
					"$(inherited)",
					"@executable_path/Frameworks",
				);
				PRODUCT_BUNDLE_IDENTIFIER = ru.imarishin.ColorSliderApp;
				PRODUCT_NAME = "$(TARGET_NAME)";
				SWIFT_VERSION = 5.0;
				TARGETED_DEVICE_FAMILY = "1,2";
			};
			name = Debug;
		};
		CF2394F226B3B7A000AB3BC1 /* Release */ = {
			isa = XCBuildConfiguration;
			buildSettings = {
				ASSETCATALOG_COMPILER_APPICON_NAME = AppIcon;
				ASSETCATALOG_COMPILER_GLOBAL_ACCENT_COLOR_NAME = AccentColor;
				CODE_SIGN_STYLE = Automatic;
				DEVELOPMENT_ASSET_PATHS = "\"ColorSliderApp/Preview Content\"";
				DEVELOPMENT_TEAM = 5S24UZWM65;
				ENABLE_PREVIEWS = YES;
				INFOPLIST_FILE = ColorSliderApp/Info.plist;
				IPHONEOS_DEPLOYMENT_TARGET = 14.0;
				LD_RUNPATH_SEARCH_PATHS = (
					"$(inherited)",
					"@executable_path/Frameworks",
				);
				PRODUCT_BUNDLE_IDENTIFIER = ru.imarishin.ColorSliderApp;
				PRODUCT_NAME = "$(TARGET_NAME)";
				SWIFT_VERSION = 5.0;
				TARGETED_DEVICE_FAMILY = "1,2";
			};
			name = Release;
		};
/* End XCBuildConfiguration section */

/* Begin XCConfigurationList section */
		CF2394DC26B3B79E00AB3BC1 /* Build configuration list for PBXProject "ColorSliderApp" */ = {
			isa = XCConfigurationList;
			buildConfigurations = (
				CF2394EE26B3B7A000AB3BC1 /* Debug */,
				CF2394EF26B3B7A000AB3BC1 /* Release */,
			);
			defaultConfigurationIsVisible = 0;
			defaultConfigurationName = Release;
		};
		CF2394F026B3B7A000AB3BC1 /* Build configuration list for PBXNativeTarget "ColorSliderApp" */ = {
			isa = XCConfigurationList;
			buildConfigurations = (
				CF2394F126B3B7A000AB3BC1 /* Debug */,
				CF2394F226B3B7A000AB3BC1 /* Release */,
			);
			defaultConfigurationIsVisible = 0;
			defaultConfigurationName = Release;
		};
/* End XCConfigurationList section */
	};
	rootObject = CF2394D926B3B79E00AB3BC1 /* Project object */;
}
